
Microsoft Visual Studio Solution File, Format Version 12.00
# Visual Studio 2013
VisualStudioVersion = 12.0.31101.0
MinimumVisualStudioVersion = 10.0.40219.1
Project("{FAE04EC0-301F-11D3-BF4B-00C04F79EFBC}") = "Adibrata.Framework.Rule", "Adibrata.Rule.Engine\Adibrata.Framework.Rule.csproj", "{030BBC11-268A-4ABF-8E58-3C2461AAB791}"
EndProject
Project("{FAE04EC0-301F-11D3-BF4B-00C04F79EFBC}") = "Adibrata.Journal.Engine", "Adibrata.Journal.Engine\Adibrata.Journal.Engine.csproj", "{F7DBF23D-BC47-45B8-AE26-955908E5C9D7}"
EndProject
Project("{FAE04EC0-301F-11D3-BF4B-00C04F79EFBC}") = "Adibrata.Framework.Logging", "Adibrata.Framework.EventLog\Adibrata.Framework.Logging.csproj", "{7444D0B3-6F0E-47B5-A734-FACE7EE1732F}"
EndProject
Project("{FAE04EC0-301F-11D3-BF4B-00C04F79EFBC}") = "Adibrata.Framework.Messaging", "Adibrata.Framework.Messaging\Adibrata.Framework.Messaging.csproj", "{92FCF099-2046-4D09-8C2C-DA3940AC4552}"
EndProject
Project("{FAE04EC0-301F-11D3-BF4B-00C04F79EFBC}") = "Adibrata.Framework.Security", "Adibrata.Framework.Security\Adibrata.Framework.Security.csproj", "{26F1E2D1-B0E5-405B-9D73-369DB760A730}"
EndProject
Project("{FAE04EC0-301F-11D3-BF4B-00C04F79EFBC}") = "Adibrata.Report.Template", "Adibrata.Report.Template\Adibrata.Report.Template.csproj", "{C6DFA240-C475-49E6-96BD-3A0D6961F134}"
EndProject
Project("{FAE04EC0-301F-11D3-BF4B-00C04F79EFBC}") = "Adibrata.BusinessProcess.Paging.Core", "Adibrata.BusinessProcess.Paging.Core\Adibrata.BusinessProcess.Paging.Core.csproj", "{3FAA1E40-56FE-46C9-BEC5-7CAE5863AF3F}"
EndProject
Project("{FAE04EC0-301F-11D3-BF4B-00C04F79EFBC}") = "Adibrata.BusinessProcess.Paging.Entities", "Adibrata.BusinessProcess.Paging.Entities\Adibrata.BusinessProcess.Paging.Entities.csproj", "{A9D73B8B-A1E7-4F36-A145-6D3EFE17C3E8}"
EndProject
Project("{FAE04EC0-301F-11D3-BF4B-00C04F79EFBC}") = "Adibrata.BusinessProcess.Paging.Extend", "Adibrata.BusinessProcess.Paging.Extend\Adibrata.BusinessProcess.Paging.Extend.csproj", "{8C4E97BE-3D29-443E-B212-7B64DC2B7564}"
EndProject
Project("{FAE04EC0-301F-11D3-BF4B-00C04F79EFBC}") = "Adibrata.BusinessProcess.Report.Core", "Adibrata.BusinessProcess.Report.Core\Adibrata.BusinessProcess.Report.Core.csproj", "{2827D775-62C7-4E0C-8788-622B174C7583}"
EndProject
Project("{FAE04EC0-301F-11D3-BF4B-00C04F79EFBC}") = "Adibrata.BusinessProcess.Report.Entities", "Adibrata.BusinessProcess.Report.Entities\Adibrata.BusinessProcess.Report.Entities.csproj", "{76A2E188-A511-44BA-AB16-3818A43A2DAF}"
EndProject
Project("{FAE04EC0-301F-11D3-BF4B-00C04F79EFBC}") = "Adibrata.BusinessProcess.Report.Extend", "Adibrata.BusinessProcess.Report.Extend\Adibrata.BusinessProcess.Report.Extend.csproj", "{0F67E63A-234D-45CC-A656-82D1C741FB41}"
EndProject
Project("{FAE04EC0-301F-11D3-BF4B-00C04F79EFBC}") = "Adibrata.BusinessProcess.Views.Core", "Adibrata.BusinessProcess.View.Core\Adibrata.BusinessProcess.Views.Core.csproj", "{DA2973F7-B07D-4489-90CE-29A9E67266C3}"
EndProject
Project("{FAE04EC0-301F-11D3-BF4B-00C04F79EFBC}") = "Adibrata.BusinessProcess.Views.Entities", "Adibrata.BusinessProcess.View.Entities\Adibrata.BusinessProcess.Views.Entities.csproj", "{F4CA92E1-B570-4D5F-B320-9228ED30E8DD}"
EndProject
Project("{FAE04EC0-301F-11D3-BF4B-00C04F79EFBC}") = "Adibrata.BusinessProcess.Views.Extend", "Adibrata.BusinessProcess.View.Extend\Adibrata.BusinessProcess.Views.Extend.csproj", "{C1C37FE2-2DDF-4B10-813C-D0C81F8A5F4F}"
EndProject
Project("{FAE04EC0-301F-11D3-BF4B-00C04F79EFBC}") = "Adibrata.Controller", "Adibrata.Controller\Adibrata.Controller.csproj", "{3C1D4BBE-264F-405F-B212-72BFC2595D28}"
EndProject
Project("{FAE04EC0-301F-11D3-BF4B-00C04F79EFBC}") = "SharpBITS.Base", "SharpBITS.Base\SharpBITS.Base.csproj", "{B39FDB92-7420-487E-8B44-D9BC0B88D857}"
EndProject
Project("{2150E333-8FDC-42A3-9474-1A3956D46DE8}") = "Adibrata.Theme", "Adibrata.Theme", "{CCC29B55-7F75-4C14-BD17-C868AE208E64}"
EndProject
Project("{FAE04EC0-301F-11D3-BF4B-00C04F79EFBC}") = "DataGridThemes", "Theme\Src\DataGridThemes.csproj", "{75FF1407-1C79-4138-B6AD-3E8D69D2AD36}"
EndProject
Project("{FAE04EC0-301F-11D3-BF4B-00C04F79EFBC}") = "Adibrata.BusinessProcess.UserManagement.Extend", "Adibrata.BusinessProcess.UserManagement.Extend\Adibrata.BusinessProcess.UserManagement.Extend.csproj", "{D7E666C8-E6EE-4A52-AA01-7BC02AEC113C}"
EndProject
Project("{FAE04EC0-301F-11D3-BF4B-00C04F79EFBC}") = "Adibrata.BusinessProcess.UserManagement.Entities", "Adibrata.BusinessProcess.UserManagement.Entities\Adibrata.BusinessProcess.UserManagement.Entities.csproj", "{F5415834-8162-4B25-BA78-4E46B5E7714B}"
EndProject
Project("{FAE04EC0-301F-11D3-BF4B-00C04F79EFBC}") = "Adibrata.BusinessProcess.UserManagement.Core", "Adibrata.BusinessProcess.UserManagement.Core\Adibrata.BusinessProcess.UserManagement.Core.csproj", "{72C9F1F3-82C5-4335-98EC-C6C5462F8B55}"
EndProject
Project("{FAE04EC0-301F-11D3-BF4B-00C04F79EFBC}") = "Adibrata.Configuration", "Adibrata.Configuration\Adibrata.Configuration.csproj", "{B94BFF51-11DF-4651-AEB3-0192AD51180B}"
EndProject
Project("{FAE04EC0-301F-11D3-BF4B-00C04F79EFBC}") = "Adibrata.BusinessProcess.Approval.Core", "Adibrata.BusinesProcess.Approval.Core\Adibrata.BusinessProcess.Approval.Core.csproj", "{1CC2E5F8-6BFF-4068-ACDD-03CD93863761}"
EndProject
Project("{FAE04EC0-301F-11D3-BF4B-00C04F79EFBC}") = "Adibrata.BusinessProcess.Entities.Base", "Adibrata.BusinessProcess.Entities.Base\Adibrata.BusinessProcess.Entities.Base.csproj", "{E55F8780-287D-44D7-9C30-37562E95BA42}"
EndProject
Project("{FAE04EC0-301F-11D3-BF4B-00C04F79EFBC}") = "Adibrata.BusinessProcess.Approval.Entities", "Adibrata.BusinessProcess.Approval.Entities\Adibrata.BusinessProcess.Approval.Entities.csproj", "{619B7815-58FB-4374-ACCB-E206CC14CA35}"
EndProject
Project("{FAE04EC0-301F-11D3-BF4B-00C04F79EFBC}") = "Adibrata.Framework.DataAccess", "Adibrata.Framework.DataAccess\Adibrata.Framework.DataAccess.csproj", "{306C31B7-89C3-424E-878D-EFC950A58FA3}"
EndProject
Project("{FAE04EC0-301F-11D3-BF4B-00C04F79EFBC}") = "Adibrata.BusinessProcess.Approval.Extend", "Adibrata.BusinessProcess.Approval.Extend\Adibrata.BusinessProcess.Approval.Extend.csproj", "{D7C16EF2-3399-4480-908A-FAB3BEC831ED}"
EndProject
Project("{FAE04EC0-301F-11D3-BF4B-00C04F79EFBC}") = "Adibrata.Framework.Caching", "Adibrata.Framework.Caching\Adibrata.Framework.Caching.csproj", "{87734E21-D1D6-49AB-8BA9-D207E82F9BC0}"
EndProject
Project("{FAE04EC0-301F-11D3-BF4B-00C04F79EFBC}") = "Adibrata.BusinessProcess.DocumentSol.Entities", "Adibrata.BusinessProcess.DocumentSol.Entities\Adibrata.BusinessProcess.DocumentSol.Entities.csproj", "{C6363188-E561-4C44-973C-9BE674A54BA5}"
EndProject
Project("{FAE04EC0-301F-11D3-BF4B-00C04F79EFBC}") = "Adibrata.BusinessProcess.DocumentSol.Core", "Adibrata.BusinessProcess.DocumentSol.Core\Adibrata.BusinessProcess.DocumentSol.Core.csproj", "{10783B5E-99ED-4CE7-B769-9D77605179B2}"
EndProject
Project("{FAE04EC0-301F-11D3-BF4B-00C04F79EFBC}") = "Adibrata.BusinessProcess.DocumentSol.Extend", "Adibrata.BusinessProcess.DocumentSol.Extend\Adibrata.BusinessProcess.DocumentSol.Extend.csproj", "{03F8FE1B-A61B-4947-83F2-7D377AC48377}"
EndProject
Project("{FAE04EC0-301F-11D3-BF4B-00C04F79EFBC}") = "Adibrata.Framework.ImageProcessing", "Adibrata.Framework.ImageProcessing\Adibrata.Framework.ImageProcessing.csproj", "{794775BC-8818-45E6-AD10-491E74AF573A}"
EndProject
Project("{FAE04EC0-301F-11D3-BF4B-00C04F79EFBC}") = "Adibrata.DocumentSol.Windows", "Adibrata.DocumentSol.Windows\Adibrata.DocumentSol.Windows.csproj", "{65A92DCA-E31F-4642-9AB9-93A3E8AF1905}"
EndProject
Project("{FAE04EC0-301F-11D3-BF4B-00C04F79EFBC}") = "Adibrata.Framework.WCF", "Adibrata.Framework.WCF\Adibrata.Framework.WCF.csproj", "{B4E44C92-4874-430B-A050-2C6D10A30A7D}"
EndProject
Project("{FAE04EC0-301F-11D3-BF4B-00C04F79EFBC}") = "Adibrata.Themes.Core", "Adibrata.Theme\Adibrata.Themes.Core\Adibrata.Themes.Core.csproj", "{D0447080-8D02-4958-835C-055CD642450C}"
EndProject
Project("{FAE04EC0-301F-11D3-BF4B-00C04F79EFBC}") = "Adibrata.Themes.Core.Light", "Adibrata.Theme\Adibrata.Themes.Core.Light\Adibrata.Themes.Core.Light.csproj", "{2BEEB702-6196-4538-874B-F5819A5BB374}"
EndProject
Project("{FAE04EC0-301F-11D3-BF4B-00C04F79EFBC}") = "Adibrata.Themes.Fischer.WPF", "Adibrata.Theme\Adibrata.Themes.Fischer.WPF\Adibrata.Themes.Fischer.WPF.csproj", "{D8166AD7-25DD-4953-84DD-347CB0321582}"
EndProject
Project("{FAE04EC0-301F-11D3-BF4B-00C04F79EFBC}") = "Adibrata.Windows.UserController", "Adibrata.Windows.UserController\Adibrata.Windows.UserController.csproj", "{536678C3-FAB3-43A9-8A68-ADAB972A6DF1}"
EndProject
Project("{FAE04EC0-301F-11D3-BF4B-00C04F79EFBC}") = "Adibrata.Themes.Prototype.WPF", "Adibrata.Theme\Adibrata.Themes.Prototype.WPF\Adibrata.Themes.Prototype.WPF.csproj", "{37C1111A-9818-48EA-ADC4-6F53FF12102A}"
EndProject
Project("{00D1A9C2-B5F0-4AF3-8072-F6C62B433612}") = "Adibrata.Database", "Adibrata.Database.StoreProcedure\Adibrata.Database.sqlproj", "{911118F7-2BAB-411B-BAAA-7EB95FE4CA82}"
EndProject
Project("{00D1A9C2-B5F0-4AF3-8072-F6C62B433612}") = "Adibrata.Database.Script.StoreProcedure", "DatabaseScript\StoreProcedure\Adibrata.Database.Script.StoreProcedure.sqlproj", "{67478D1D-C82D-4D93-B99B-6151CD366ED8}"
EndProject
Project("{FAE04EC0-301F-11D3-BF4B-00C04F79EFBC}") = "EncryptDecrypt", "EncryptDecrypt\EncryptDecrypt.csproj", "{CD229E63-EE6B-4B85-A7B2-23970AADCC74}"
EndProject
Project("{FAE04EC0-301F-11D3-BF4B-00C04F79EFBC}") = "Adibrata.Framework.WCF.Archieve", "Adibrata.Framework.WCF.Archieve\Adibrata.Framework.WCF.Archieve.csproj", "{7DA8AC35-04F9-4171-826A-A933BD61FE32}"
EndProject
Project("{00D1A9C2-B5F0-4AF3-8072-F6C62B433612}") = "Adibrata.Database.Archieve", "Adibrata.Database.Archieve\Adibrata.Database.Archieve.sqlproj", "{265204F4-3666-4E15-A86E-42CC4475FCE5}"
EndProject
Project("{FAE04EC0-301F-11D3-BF4B-00C04F79EFBC}") = "Adibrata.Framework.WCF.DocTransView", "Adibrata.Framework.WCF.DocTransView\Adibrata.Framework.WCF.DocTransView.csproj", "{361AEBEE-0C75-4989-BB4D-C8F08D6CDA9D}"
EndProject
Project("{FAE04EC0-301F-11D3-BF4B-00C04F79EFBC}") = "Adibrata.Web", "Adibrata.Web\Adibrata.Web.csproj", "{6CC75A53-50EB-4235-942E-58141F8B2623}"
EndProject
Global
	GlobalSection(SolutionConfigurationPlatforms) = preSolution
		Debug|Any CPU = Debug|Any CPU
		Debug|ARM = Debug|ARM
		Debug|x86 = Debug|x86
		Release|Any CPU = Release|Any CPU
		Release|ARM = Release|ARM
		Release|x86 = Release|x86
	EndGlobalSection
	GlobalSection(ProjectConfigurationPlatforms) = postSolution
		{030BBC11-268A-4ABF-8E58-3C2461AAB791}.Debug|Any CPU.ActiveCfg = Debug|Any CPU
		{030BBC11-268A-4ABF-8E58-3C2461AAB791}.Debug|Any CPU.Build.0 = Debug|Any CPU
		{030BBC11-268A-4ABF-8E58-3C2461AAB791}.Debug|ARM.ActiveCfg = Debug|Any CPU
		{030BBC11-268A-4ABF-8E58-3C2461AAB791}.Debug|x86.ActiveCfg = Debug|Any CPU
		{030BBC11-268A-4ABF-8E58-3C2461AAB791}.Release|Any CPU.ActiveCfg = Release|Any CPU
		{030BBC11-268A-4ABF-8E58-3C2461AAB791}.Release|Any CPU.Build.0 = Release|Any CPU
		{030BBC11-268A-4ABF-8E58-3C2461AAB791}.Release|ARM.ActiveCfg = Release|Any CPU
		{030BBC11-268A-4ABF-8E58-3C2461AAB791}.Release|x86.ActiveCfg = Release|Any CPU
		{F7DBF23D-BC47-45B8-AE26-955908E5C9D7}.Debug|Any CPU.ActiveCfg = Debug|Any CPU
		{F7DBF23D-BC47-45B8-AE26-955908E5C9D7}.Debug|Any CPU.Build.0 = Debug|Any CPU
		{F7DBF23D-BC47-45B8-AE26-955908E5C9D7}.Debug|ARM.ActiveCfg = Debug|Any CPU
		{F7DBF23D-BC47-45B8-AE26-955908E5C9D7}.Debug|x86.ActiveCfg = Debug|Any CPU
		{F7DBF23D-BC47-45B8-AE26-955908E5C9D7}.Release|Any CPU.ActiveCfg = Release|Any CPU
		{F7DBF23D-BC47-45B8-AE26-955908E5C9D7}.Release|Any CPU.Build.0 = Release|Any CPU
		{F7DBF23D-BC47-45B8-AE26-955908E5C9D7}.Release|ARM.ActiveCfg = Release|Any CPU
		{F7DBF23D-BC47-45B8-AE26-955908E5C9D7}.Release|x86.ActiveCfg = Release|Any CPU
		{7444D0B3-6F0E-47B5-A734-FACE7EE1732F}.Debug|Any CPU.ActiveCfg = Debug|Any CPU
		{7444D0B3-6F0E-47B5-A734-FACE7EE1732F}.Debug|Any CPU.Build.0 = Debug|Any CPU
		{7444D0B3-6F0E-47B5-A734-FACE7EE1732F}.Debug|ARM.ActiveCfg = Debug|Any CPU
		{7444D0B3-6F0E-47B5-A734-FACE7EE1732F}.Debug|x86.ActiveCfg = Debug|Any CPU
		{7444D0B3-6F0E-47B5-A734-FACE7EE1732F}.Release|Any CPU.ActiveCfg = Release|Any CPU
		{7444D0B3-6F0E-47B5-A734-FACE7EE1732F}.Release|Any CPU.Build.0 = Release|Any CPU
		{7444D0B3-6F0E-47B5-A734-FACE7EE1732F}.Release|ARM.ActiveCfg = Release|Any CPU
		{7444D0B3-6F0E-47B5-A734-FACE7EE1732F}.Release|x86.ActiveCfg = Release|Any CPU
		{92FCF099-2046-4D09-8C2C-DA3940AC4552}.Debug|Any CPU.ActiveCfg = Debug|Any CPU
		{92FCF099-2046-4D09-8C2C-DA3940AC4552}.Debug|Any CPU.Build.0 = Debug|Any CPU
		{92FCF099-2046-4D09-8C2C-DA3940AC4552}.Debug|ARM.ActiveCfg = Debug|Any CPU
		{92FCF099-2046-4D09-8C2C-DA3940AC4552}.Debug|x86.ActiveCfg = Debug|Any CPU
		{92FCF099-2046-4D09-8C2C-DA3940AC4552}.Release|Any CPU.ActiveCfg = Release|Any CPU
		{92FCF099-2046-4D09-8C2C-DA3940AC4552}.Release|Any CPU.Build.0 = Release|Any CPU
		{92FCF099-2046-4D09-8C2C-DA3940AC4552}.Release|ARM.ActiveCfg = Release|Any CPU
		{92FCF099-2046-4D09-8C2C-DA3940AC4552}.Release|x86.ActiveCfg = Release|Any CPU
		{26F1E2D1-B0E5-405B-9D73-369DB760A730}.Debug|Any CPU.ActiveCfg = Debug|Any CPU
		{26F1E2D1-B0E5-405B-9D73-369DB760A730}.Debug|Any CPU.Build.0 = Debug|Any CPU
		{26F1E2D1-B0E5-405B-9D73-369DB760A730}.Debug|ARM.ActiveCfg = Debug|Any CPU
		{26F1E2D1-B0E5-405B-9D73-369DB760A730}.Debug|x86.ActiveCfg = Debug|Any CPU
		{26F1E2D1-B0E5-405B-9D73-369DB760A730}.Release|Any CPU.ActiveCfg = Release|Any CPU
		{26F1E2D1-B0E5-405B-9D73-369DB760A730}.Release|Any CPU.Build.0 = Release|Any CPU
		{26F1E2D1-B0E5-405B-9D73-369DB760A730}.Release|ARM.ActiveCfg = Release|Any CPU
		{26F1E2D1-B0E5-405B-9D73-369DB760A730}.Release|x86.ActiveCfg = Release|Any CPU
		{C6DFA240-C475-49E6-96BD-3A0D6961F134}.Debug|Any CPU.ActiveCfg = Debug|Any CPU
		{C6DFA240-C475-49E6-96BD-3A0D6961F134}.Debug|Any CPU.Build.0 = Debug|Any CPU
		{C6DFA240-C475-49E6-96BD-3A0D6961F134}.Debug|ARM.ActiveCfg = Debug|Any CPU
		{C6DFA240-C475-49E6-96BD-3A0D6961F134}.Debug|x86.ActiveCfg = Debug|Any CPU
		{C6DFA240-C475-49E6-96BD-3A0D6961F134}.Release|Any CPU.ActiveCfg = Release|Any CPU
		{C6DFA240-C475-49E6-96BD-3A0D6961F134}.Release|Any CPU.Build.0 = Release|Any CPU
		{C6DFA240-C475-49E6-96BD-3A0D6961F134}.Release|ARM.ActiveCfg = Release|Any CPU
		{C6DFA240-C475-49E6-96BD-3A0D6961F134}.Release|x86.ActiveCfg = Release|Any CPU
		{3FAA1E40-56FE-46C9-BEC5-7CAE5863AF3F}.Debug|Any CPU.ActiveCfg = Debug|Any CPU
		{3FAA1E40-56FE-46C9-BEC5-7CAE5863AF3F}.Debug|Any CPU.Build.0 = Debug|Any CPU
		{3FAA1E40-56FE-46C9-BEC5-7CAE5863AF3F}.Debug|ARM.ActiveCfg = Debug|Any CPU
		{3FAA1E40-56FE-46C9-BEC5-7CAE5863AF3F}.Debug|x86.ActiveCfg = Debug|Any CPU
		{3FAA1E40-56FE-46C9-BEC5-7CAE5863AF3F}.Release|Any CPU.ActiveCfg = Release|Any CPU
		{3FAA1E40-56FE-46C9-BEC5-7CAE5863AF3F}.Release|Any CPU.Build.0 = Release|Any CPU
		{3FAA1E40-56FE-46C9-BEC5-7CAE5863AF3F}.Release|ARM.ActiveCfg = Release|Any CPU
		{3FAA1E40-56FE-46C9-BEC5-7CAE5863AF3F}.Release|x86.ActiveCfg = Release|Any CPU
		{A9D73B8B-A1E7-4F36-A145-6D3EFE17C3E8}.Debug|Any CPU.ActiveCfg = Debug|Any CPU
		{A9D73B8B-A1E7-4F36-A145-6D3EFE17C3E8}.Debug|Any CPU.Build.0 = Debug|Any CPU
		{A9D73B8B-A1E7-4F36-A145-6D3EFE17C3E8}.Debug|ARM.ActiveCfg = Debug|Any CPU
		{A9D73B8B-A1E7-4F36-A145-6D3EFE17C3E8}.Debug|x86.ActiveCfg = Debug|Any CPU
		{A9D73B8B-A1E7-4F36-A145-6D3EFE17C3E8}.Release|Any CPU.ActiveCfg = Release|Any CPU
		{A9D73B8B-A1E7-4F36-A145-6D3EFE17C3E8}.Release|Any CPU.Build.0 = Release|Any CPU
		{A9D73B8B-A1E7-4F36-A145-6D3EFE17C3E8}.Release|ARM.ActiveCfg = Release|Any CPU
		{A9D73B8B-A1E7-4F36-A145-6D3EFE17C3E8}.Release|x86.ActiveCfg = Release|Any CPU
		{8C4E97BE-3D29-443E-B212-7B64DC2B7564}.Debug|Any CPU.ActiveCfg = Debug|Any CPU
		{8C4E97BE-3D29-443E-B212-7B64DC2B7564}.Debug|Any CPU.Build.0 = Debug|Any CPU
		{8C4E97BE-3D29-443E-B212-7B64DC2B7564}.Debug|ARM.ActiveCfg = Debug|Any CPU
		{8C4E97BE-3D29-443E-B212-7B64DC2B7564}.Debug|x86.ActiveCfg = Debug|Any CPU
		{8C4E97BE-3D29-443E-B212-7B64DC2B7564}.Release|Any CPU.ActiveCfg = Release|Any CPU
		{8C4E97BE-3D29-443E-B212-7B64DC2B7564}.Release|Any CPU.Build.0 = Release|Any CPU
		{8C4E97BE-3D29-443E-B212-7B64DC2B7564}.Release|ARM.ActiveCfg = Release|Any CPU
		{8C4E97BE-3D29-443E-B212-7B64DC2B7564}.Release|x86.ActiveCfg = Release|Any CPU
		{2827D775-62C7-4E0C-8788-622B174C7583}.Debug|Any CPU.ActiveCfg = Debug|Any CPU
		{2827D775-62C7-4E0C-8788-622B174C7583}.Debug|Any CPU.Build.0 = Debug|Any CPU
		{2827D775-62C7-4E0C-8788-622B174C7583}.Debug|ARM.ActiveCfg = Debug|Any CPU
		{2827D775-62C7-4E0C-8788-622B174C7583}.Debug|x86.ActiveCfg = Debug|Any CPU
		{2827D775-62C7-4E0C-8788-622B174C7583}.Release|Any CPU.ActiveCfg = Release|Any CPU
		{2827D775-62C7-4E0C-8788-622B174C7583}.Release|Any CPU.Build.0 = Release|Any CPU
		{2827D775-62C7-4E0C-8788-622B174C7583}.Release|ARM.ActiveCfg = Release|Any CPU
		{2827D775-62C7-4E0C-8788-622B174C7583}.Release|x86.ActiveCfg = Release|Any CPU
		{76A2E188-A511-44BA-AB16-3818A43A2DAF}.Debug|Any CPU.ActiveCfg = Debug|Any CPU
		{76A2E188-A511-44BA-AB16-3818A43A2DAF}.Debug|Any CPU.Build.0 = Debug|Any CPU
		{76A2E188-A511-44BA-AB16-3818A43A2DAF}.Debug|ARM.ActiveCfg = Debug|Any CPU
		{76A2E188-A511-44BA-AB16-3818A43A2DAF}.Debug|x86.ActiveCfg = Debug|Any CPU
		{76A2E188-A511-44BA-AB16-3818A43A2DAF}.Release|Any CPU.ActiveCfg = Release|Any CPU
		{76A2E188-A511-44BA-AB16-3818A43A2DAF}.Release|Any CPU.Build.0 = Release|Any CPU
		{76A2E188-A511-44BA-AB16-3818A43A2DAF}.Release|ARM.ActiveCfg = Release|Any CPU
		{76A2E188-A511-44BA-AB16-3818A43A2DAF}.Release|x86.ActiveCfg = Release|Any CPU
		{0F67E63A-234D-45CC-A656-82D1C741FB41}.Debug|Any CPU.ActiveCfg = Debug|Any CPU
		{0F67E63A-234D-45CC-A656-82D1C741FB41}.Debug|Any CPU.Build.0 = Debug|Any CPU
		{0F67E63A-234D-45CC-A656-82D1C741FB41}.Debug|ARM.ActiveCfg = Debug|Any CPU
		{0F67E63A-234D-45CC-A656-82D1C741FB41}.Debug|x86.ActiveCfg = Debug|Any CPU
		{0F67E63A-234D-45CC-A656-82D1C741FB41}.Release|Any CPU.ActiveCfg = Release|Any CPU
		{0F67E63A-234D-45CC-A656-82D1C741FB41}.Release|Any CPU.Build.0 = Release|Any CPU
		{0F67E63A-234D-45CC-A656-82D1C741FB41}.Release|ARM.ActiveCfg = Release|Any CPU
		{0F67E63A-234D-45CC-A656-82D1C741FB41}.Release|x86.ActiveCfg = Release|Any CPU
		{DA2973F7-B07D-4489-90CE-29A9E67266C3}.Debug|Any CPU.ActiveCfg = Debug|Any CPU
		{DA2973F7-B07D-4489-90CE-29A9E67266C3}.Debug|Any CPU.Build.0 = Debug|Any CPU
		{DA2973F7-B07D-4489-90CE-29A9E67266C3}.Debug|ARM.ActiveCfg = Debug|Any CPU
		{DA2973F7-B07D-4489-90CE-29A9E67266C3}.Debug|x86.ActiveCfg = Debug|Any CPU
		{DA2973F7-B07D-4489-90CE-29A9E67266C3}.Release|Any CPU.ActiveCfg = Release|Any CPU
		{DA2973F7-B07D-4489-90CE-29A9E67266C3}.Release|Any CPU.Build.0 = Release|Any CPU
		{DA2973F7-B07D-4489-90CE-29A9E67266C3}.Release|ARM.ActiveCfg = Release|Any CPU
		{DA2973F7-B07D-4489-90CE-29A9E67266C3}.Release|x86.ActiveCfg = Release|Any CPU
		{F4CA92E1-B570-4D5F-B320-9228ED30E8DD}.Debug|Any CPU.ActiveCfg = Debug|Any CPU
		{F4CA92E1-B570-4D5F-B320-9228ED30E8DD}.Debug|Any CPU.Build.0 = Debug|Any CPU
		{F4CA92E1-B570-4D5F-B320-9228ED30E8DD}.Debug|ARM.ActiveCfg = Debug|Any CPU
		{F4CA92E1-B570-4D5F-B320-9228ED30E8DD}.Debug|x86.ActiveCfg = Debug|Any CPU
		{F4CA92E1-B570-4D5F-B320-9228ED30E8DD}.Release|Any CPU.ActiveCfg = Release|Any CPU
		{F4CA92E1-B570-4D5F-B320-9228ED30E8DD}.Release|Any CPU.Build.0 = Release|Any CPU
		{F4CA92E1-B570-4D5F-B320-9228ED30E8DD}.Release|ARM.ActiveCfg = Release|Any CPU
		{F4CA92E1-B570-4D5F-B320-9228ED30E8DD}.Release|x86.ActiveCfg = Release|Any CPU
		{C1C37FE2-2DDF-4B10-813C-D0C81F8A5F4F}.Debug|Any CPU.ActiveCfg = Debug|Any CPU
		{C1C37FE2-2DDF-4B10-813C-D0C81F8A5F4F}.Debug|Any CPU.Build.0 = Debug|Any CPU
		{C1C37FE2-2DDF-4B10-813C-D0C81F8A5F4F}.Debug|ARM.ActiveCfg = Debug|Any CPU
		{C1C37FE2-2DDF-4B10-813C-D0C81F8A5F4F}.Debug|x86.ActiveCfg = Debug|Any CPU
		{C1C37FE2-2DDF-4B10-813C-D0C81F8A5F4F}.Release|Any CPU.ActiveCfg = Release|Any CPU
		{C1C37FE2-2DDF-4B10-813C-D0C81F8A5F4F}.Release|Any CPU.Build.0 = Release|Any CPU
		{C1C37FE2-2DDF-4B10-813C-D0C81F8A5F4F}.Release|ARM.ActiveCfg = Release|Any CPU
		{C1C37FE2-2DDF-4B10-813C-D0C81F8A5F4F}.Release|x86.ActiveCfg = Release|Any CPU
		{3C1D4BBE-264F-405F-B212-72BFC2595D28}.Debug|Any CPU.ActiveCfg = Debug|Any CPU
		{3C1D4BBE-264F-405F-B212-72BFC2595D28}.Debug|Any CPU.Build.0 = Debug|Any CPU
		{3C1D4BBE-264F-405F-B212-72BFC2595D28}.Debug|ARM.ActiveCfg = Debug|Any CPU
		{3C1D4BBE-264F-405F-B212-72BFC2595D28}.Debug|x86.ActiveCfg = Debug|Any CPU
		{3C1D4BBE-264F-405F-B212-72BFC2595D28}.Release|Any CPU.ActiveCfg = Release|Any CPU
		{3C1D4BBE-264F-405F-B212-72BFC2595D28}.Release|Any CPU.Build.0 = Release|Any CPU
		{3C1D4BBE-264F-405F-B212-72BFC2595D28}.Release|ARM.ActiveCfg = Release|Any CPU
		{3C1D4BBE-264F-405F-B212-72BFC2595D28}.Release|x86.ActiveCfg = Release|Any CPU
		{B39FDB92-7420-487E-8B44-D9BC0B88D857}.Debug|Any CPU.ActiveCfg = Debug|Any CPU
		{B39FDB92-7420-487E-8B44-D9BC0B88D857}.Debug|Any CPU.Build.0 = Debug|Any CPU
		{B39FDB92-7420-487E-8B44-D9BC0B88D857}.Debug|ARM.ActiveCfg = Debug|Any CPU
		{B39FDB92-7420-487E-8B44-D9BC0B88D857}.Debug|x86.ActiveCfg = Debug|Any CPU
		{B39FDB92-7420-487E-8B44-D9BC0B88D857}.Release|Any CPU.ActiveCfg = Release|Any CPU
		{B39FDB92-7420-487E-8B44-D9BC0B88D857}.Release|Any CPU.Build.0 = Release|Any CPU
		{B39FDB92-7420-487E-8B44-D9BC0B88D857}.Release|ARM.ActiveCfg = Release|Any CPU
		{B39FDB92-7420-487E-8B44-D9BC0B88D857}.Release|x86.ActiveCfg = Release|Any CPU
		{75FF1407-1C79-4138-B6AD-3E8D69D2AD36}.Debug|Any CPU.ActiveCfg = Debug|Any CPU
		{75FF1407-1C79-4138-B6AD-3E8D69D2AD36}.Debug|Any CPU.Build.0 = Debug|Any CPU
		{75FF1407-1C79-4138-B6AD-3E8D69D2AD36}.Debug|ARM.ActiveCfg = Debug|Any CPU
		{75FF1407-1C79-4138-B6AD-3E8D69D2AD36}.Debug|x86.ActiveCfg = Debug|Any CPU
		{75FF1407-1C79-4138-B6AD-3E8D69D2AD36}.Release|Any CPU.ActiveCfg = Release|Any CPU
		{75FF1407-1C79-4138-B6AD-3E8D69D2AD36}.Release|Any CPU.Build.0 = Release|Any CPU
		{75FF1407-1C79-4138-B6AD-3E8D69D2AD36}.Release|ARM.ActiveCfg = Release|Any CPU
		{75FF1407-1C79-4138-B6AD-3E8D69D2AD36}.Release|x86.ActiveCfg = Release|Any CPU
		{D7E666C8-E6EE-4A52-AA01-7BC02AEC113C}.Debug|Any CPU.ActiveCfg = Debug|Any CPU
		{D7E666C8-E6EE-4A52-AA01-7BC02AEC113C}.Debug|Any CPU.Build.0 = Debug|Any CPU
		{D7E666C8-E6EE-4A52-AA01-7BC02AEC113C}.Debug|ARM.ActiveCfg = Debug|Any CPU
		{D7E666C8-E6EE-4A52-AA01-7BC02AEC113C}.Debug|x86.ActiveCfg = Debug|Any CPU
		{D7E666C8-E6EE-4A52-AA01-7BC02AEC113C}.Release|Any CPU.ActiveCfg = Release|Any CPU
		{D7E666C8-E6EE-4A52-AA01-7BC02AEC113C}.Release|Any CPU.Build.0 = Release|Any CPU
		{D7E666C8-E6EE-4A52-AA01-7BC02AEC113C}.Release|ARM.ActiveCfg = Release|Any CPU
		{D7E666C8-E6EE-4A52-AA01-7BC02AEC113C}.Release|x86.ActiveCfg = Release|Any CPU
		{F5415834-8162-4B25-BA78-4E46B5E7714B}.Debug|Any CPU.ActiveCfg = Debug|Any CPU
		{F5415834-8162-4B25-BA78-4E46B5E7714B}.Debug|Any CPU.Build.0 = Debug|Any CPU
		{F5415834-8162-4B25-BA78-4E46B5E7714B}.Debug|ARM.ActiveCfg = Debug|Any CPU
		{F5415834-8162-4B25-BA78-4E46B5E7714B}.Debug|x86.ActiveCfg = Debug|Any CPU
		{F5415834-8162-4B25-BA78-4E46B5E7714B}.Release|Any CPU.ActiveCfg = Release|Any CPU
		{F5415834-8162-4B25-BA78-4E46B5E7714B}.Release|Any CPU.Build.0 = Release|Any CPU
		{F5415834-8162-4B25-BA78-4E46B5E7714B}.Release|ARM.ActiveCfg = Release|Any CPU
		{F5415834-8162-4B25-BA78-4E46B5E7714B}.Release|x86.ActiveCfg = Release|Any CPU
		{72C9F1F3-82C5-4335-98EC-C6C5462F8B55}.Debug|Any CPU.ActiveCfg = Debug|Any CPU
		{72C9F1F3-82C5-4335-98EC-C6C5462F8B55}.Debug|Any CPU.Build.0 = Debug|Any CPU
		{72C9F1F3-82C5-4335-98EC-C6C5462F8B55}.Debug|ARM.ActiveCfg = Debug|Any CPU
		{72C9F1F3-82C5-4335-98EC-C6C5462F8B55}.Debug|x86.ActiveCfg = Debug|Any CPU
		{72C9F1F3-82C5-4335-98EC-C6C5462F8B55}.Release|Any CPU.ActiveCfg = Release|Any CPU
		{72C9F1F3-82C5-4335-98EC-C6C5462F8B55}.Release|Any CPU.Build.0 = Release|Any CPU
		{72C9F1F3-82C5-4335-98EC-C6C5462F8B55}.Release|ARM.ActiveCfg = Release|Any CPU
		{72C9F1F3-82C5-4335-98EC-C6C5462F8B55}.Release|x86.ActiveCfg = Release|Any CPU
		{B94BFF51-11DF-4651-AEB3-0192AD51180B}.Debug|Any CPU.ActiveCfg = Debug|Any CPU
		{B94BFF51-11DF-4651-AEB3-0192AD51180B}.Debug|Any CPU.Build.0 = Debug|Any CPU
		{B94BFF51-11DF-4651-AEB3-0192AD51180B}.Debug|ARM.ActiveCfg = Debug|Any CPU
		{B94BFF51-11DF-4651-AEB3-0192AD51180B}.Debug|x86.ActiveCfg = Debug|Any CPU
		{B94BFF51-11DF-4651-AEB3-0192AD51180B}.Release|Any CPU.ActiveCfg = Release|Any CPU
		{B94BFF51-11DF-4651-AEB3-0192AD51180B}.Release|Any CPU.Build.0 = Release|Any CPU
		{B94BFF51-11DF-4651-AEB3-0192AD51180B}.Release|ARM.ActiveCfg = Release|Any CPU
		{B94BFF51-11DF-4651-AEB3-0192AD51180B}.Release|x86.ActiveCfg = Release|Any CPU
		{1CC2E5F8-6BFF-4068-ACDD-03CD93863761}.Debug|Any CPU.ActiveCfg = Debug|Any CPU
		{1CC2E5F8-6BFF-4068-ACDD-03CD93863761}.Debug|Any CPU.Build.0 = Debug|Any CPU
		{1CC2E5F8-6BFF-4068-ACDD-03CD93863761}.Debug|ARM.ActiveCfg = Debug|Any CPU
		{1CC2E5F8-6BFF-4068-ACDD-03CD93863761}.Debug|x86.ActiveCfg = Debug|Any CPU
		{1CC2E5F8-6BFF-4068-ACDD-03CD93863761}.Release|Any CPU.ActiveCfg = Release|Any CPU
		{1CC2E5F8-6BFF-4068-ACDD-03CD93863761}.Release|Any CPU.Build.0 = Release|Any CPU
		{1CC2E5F8-6BFF-4068-ACDD-03CD93863761}.Release|ARM.ActiveCfg = Release|Any CPU
		{1CC2E5F8-6BFF-4068-ACDD-03CD93863761}.Release|x86.ActiveCfg = Release|Any CPU
		{E55F8780-287D-44D7-9C30-37562E95BA42}.Debug|Any CPU.ActiveCfg = Debug|Any CPU
		{E55F8780-287D-44D7-9C30-37562E95BA42}.Debug|Any CPU.Build.0 = Debug|Any CPU
		{E55F8780-287D-44D7-9C30-37562E95BA42}.Debug|ARM.ActiveCfg = Debug|Any CPU
		{E55F8780-287D-44D7-9C30-37562E95BA42}.Debug|x86.ActiveCfg = Debug|Any CPU
		{E55F8780-287D-44D7-9C30-37562E95BA42}.Release|Any CPU.ActiveCfg = Release|Any CPU
		{E55F8780-287D-44D7-9C30-37562E95BA42}.Release|Any CPU.Build.0 = Release|Any CPU
		{E55F8780-287D-44D7-9C30-37562E95BA42}.Release|ARM.ActiveCfg = Release|Any CPU
		{E55F8780-287D-44D7-9C30-37562E95BA42}.Release|x86.ActiveCfg = Release|Any CPU
		{619B7815-58FB-4374-ACCB-E206CC14CA35}.Debug|Any CPU.ActiveCfg = Debug|Any CPU
		{619B7815-58FB-4374-ACCB-E206CC14CA35}.Debug|Any CPU.Build.0 = Debug|Any CPU
		{619B7815-58FB-4374-ACCB-E206CC14CA35}.Debug|ARM.ActiveCfg = Debug|Any CPU
		{619B7815-58FB-4374-ACCB-E206CC14CA35}.Debug|x86.ActiveCfg = Debug|Any CPU
		{619B7815-58FB-4374-ACCB-E206CC14CA35}.Release|Any CPU.ActiveCfg = Release|Any CPU
		{619B7815-58FB-4374-ACCB-E206CC14CA35}.Release|Any CPU.Build.0 = Release|Any CPU
		{619B7815-58FB-4374-ACCB-E206CC14CA35}.Release|ARM.ActiveCfg = Release|Any CPU
		{619B7815-58FB-4374-ACCB-E206CC14CA35}.Release|x86.ActiveCfg = Release|Any CPU
		{306C31B7-89C3-424E-878D-EFC950A58FA3}.Debug|Any CPU.ActiveCfg = Debug|Any CPU
		{306C31B7-89C3-424E-878D-EFC950A58FA3}.Debug|Any CPU.Build.0 = Debug|Any CPU
		{306C31B7-89C3-424E-878D-EFC950A58FA3}.Debug|ARM.ActiveCfg = Debug|Any CPU
		{306C31B7-89C3-424E-878D-EFC950A58FA3}.Debug|x86.ActiveCfg = Debug|Any CPU
		{306C31B7-89C3-424E-878D-EFC950A58FA3}.Release|Any CPU.ActiveCfg = Release|Any CPU
		{306C31B7-89C3-424E-878D-EFC950A58FA3}.Release|Any CPU.Build.0 = Release|Any CPU
		{306C31B7-89C3-424E-878D-EFC950A58FA3}.Release|ARM.ActiveCfg = Release|Any CPU
		{306C31B7-89C3-424E-878D-EFC950A58FA3}.Release|x86.ActiveCfg = Release|Any CPU
		{D7C16EF2-3399-4480-908A-FAB3BEC831ED}.Debug|Any CPU.ActiveCfg = Debug|Any CPU
		{D7C16EF2-3399-4480-908A-FAB3BEC831ED}.Debug|Any CPU.Build.0 = Debug|Any CPU
		{D7C16EF2-3399-4480-908A-FAB3BEC831ED}.Debug|ARM.ActiveCfg = Debug|Any CPU
		{D7C16EF2-3399-4480-908A-FAB3BEC831ED}.Debug|x86.ActiveCfg = Debug|Any CPU
		{D7C16EF2-3399-4480-908A-FAB3BEC831ED}.Release|Any CPU.ActiveCfg = Release|Any CPU
		{D7C16EF2-3399-4480-908A-FAB3BEC831ED}.Release|Any CPU.Build.0 = Release|Any CPU
		{D7C16EF2-3399-4480-908A-FAB3BEC831ED}.Release|ARM.ActiveCfg = Release|Any CPU
		{D7C16EF2-3399-4480-908A-FAB3BEC831ED}.Release|x86.ActiveCfg = Release|Any CPU
		{87734E21-D1D6-49AB-8BA9-D207E82F9BC0}.Debug|Any CPU.ActiveCfg = Debug|Any CPU
		{87734E21-D1D6-49AB-8BA9-D207E82F9BC0}.Debug|Any CPU.Build.0 = Debug|Any CPU
		{87734E21-D1D6-49AB-8BA9-D207E82F9BC0}.Debug|ARM.ActiveCfg = Debug|Any CPU
		{87734E21-D1D6-49AB-8BA9-D207E82F9BC0}.Debug|x86.ActiveCfg = Debug|Any CPU
		{87734E21-D1D6-49AB-8BA9-D207E82F9BC0}.Release|Any CPU.ActiveCfg = Release|Any CPU
		{87734E21-D1D6-49AB-8BA9-D207E82F9BC0}.Release|Any CPU.Build.0 = Release|Any CPU
		{87734E21-D1D6-49AB-8BA9-D207E82F9BC0}.Release|ARM.ActiveCfg = Release|Any CPU
		{87734E21-D1D6-49AB-8BA9-D207E82F9BC0}.Release|x86.ActiveCfg = Release|Any CPU
		{C6363188-E561-4C44-973C-9BE674A54BA5}.Debug|Any CPU.ActiveCfg = Debug|Any CPU
		{C6363188-E561-4C44-973C-9BE674A54BA5}.Debug|Any CPU.Build.0 = Debug|Any CPU
		{C6363188-E561-4C44-973C-9BE674A54BA5}.Debug|ARM.ActiveCfg = Debug|Any CPU
		{C6363188-E561-4C44-973C-9BE674A54BA5}.Debug|x86.ActiveCfg = Debug|Any CPU
		{C6363188-E561-4C44-973C-9BE674A54BA5}.Release|Any CPU.ActiveCfg = Release|Any CPU
		{C6363188-E561-4C44-973C-9BE674A54BA5}.Release|Any CPU.Build.0 = Release|Any CPU
		{C6363188-E561-4C44-973C-9BE674A54BA5}.Release|ARM.ActiveCfg = Release|Any CPU
		{C6363188-E561-4C44-973C-9BE674A54BA5}.Release|x86.ActiveCfg = Release|Any CPU
		{10783B5E-99ED-4CE7-B769-9D77605179B2}.Debug|Any CPU.ActiveCfg = Debug|Any CPU
		{10783B5E-99ED-4CE7-B769-9D77605179B2}.Debug|Any CPU.Build.0 = Debug|Any CPU
		{10783B5E-99ED-4CE7-B769-9D77605179B2}.Debug|ARM.ActiveCfg = Debug|Any CPU
		{10783B5E-99ED-4CE7-B769-9D77605179B2}.Debug|x86.ActiveCfg = Debug|Any CPU
		{10783B5E-99ED-4CE7-B769-9D77605179B2}.Release|Any CPU.ActiveCfg = Release|Any CPU
		{10783B5E-99ED-4CE7-B769-9D77605179B2}.Release|Any CPU.Build.0 = Release|Any CPU
		{10783B5E-99ED-4CE7-B769-9D77605179B2}.Release|ARM.ActiveCfg = Release|Any CPU
		{10783B5E-99ED-4CE7-B769-9D77605179B2}.Release|x86.ActiveCfg = Release|Any CPU
		{03F8FE1B-A61B-4947-83F2-7D377AC48377}.Debug|Any CPU.ActiveCfg = Debug|Any CPU
		{03F8FE1B-A61B-4947-83F2-7D377AC48377}.Debug|Any CPU.Build.0 = Debug|Any CPU
		{03F8FE1B-A61B-4947-83F2-7D377AC48377}.Debug|ARM.ActiveCfg = Debug|Any CPU
		{03F8FE1B-A61B-4947-83F2-7D377AC48377}.Debug|x86.ActiveCfg = Debug|Any CPU
		{03F8FE1B-A61B-4947-83F2-7D377AC48377}.Release|Any CPU.ActiveCfg = Release|Any CPU
		{03F8FE1B-A61B-4947-83F2-7D377AC48377}.Release|Any CPU.Build.0 = Release|Any CPU
		{03F8FE1B-A61B-4947-83F2-7D377AC48377}.Release|ARM.ActiveCfg = Release|Any CPU
		{03F8FE1B-A61B-4947-83F2-7D377AC48377}.Release|x86.ActiveCfg = Release|Any CPU
		{794775BC-8818-45E6-AD10-491E74AF573A}.Debug|Any CPU.ActiveCfg = Debug|Any CPU
		{794775BC-8818-45E6-AD10-491E74AF573A}.Debug|Any CPU.Build.0 = Debug|Any CPU
		{794775BC-8818-45E6-AD10-491E74AF573A}.Debug|ARM.ActiveCfg = Debug|Any CPU
		{794775BC-8818-45E6-AD10-491E74AF573A}.Debug|x86.ActiveCfg = Debug|Any CPU
		{794775BC-8818-45E6-AD10-491E74AF573A}.Release|Any CPU.ActiveCfg = Release|Any CPU
		{794775BC-8818-45E6-AD10-491E74AF573A}.Release|Any CPU.Build.0 = Release|Any CPU
		{794775BC-8818-45E6-AD10-491E74AF573A}.Release|ARM.ActiveCfg = Release|Any CPU
		{794775BC-8818-45E6-AD10-491E74AF573A}.Release|x86.ActiveCfg = Release|Any CPU
		{65A92DCA-E31F-4642-9AB9-93A3E8AF1905}.Debug|Any CPU.ActiveCfg = Debug|Any CPU
		{65A92DCA-E31F-4642-9AB9-93A3E8AF1905}.Debug|Any CPU.Build.0 = Debug|Any CPU
		{65A92DCA-E31F-4642-9AB9-93A3E8AF1905}.Debug|ARM.ActiveCfg = Debug|Any CPU
		{65A92DCA-E31F-4642-9AB9-93A3E8AF1905}.Debug|x86.ActiveCfg = Debug|Any CPU
		{65A92DCA-E31F-4642-9AB9-93A3E8AF1905}.Release|Any CPU.ActiveCfg = Release|Any CPU
		{65A92DCA-E31F-4642-9AB9-93A3E8AF1905}.Release|Any CPU.Build.0 = Release|Any CPU
		{65A92DCA-E31F-4642-9AB9-93A3E8AF1905}.Release|ARM.ActiveCfg = Release|Any CPU
		{65A92DCA-E31F-4642-9AB9-93A3E8AF1905}.Release|x86.ActiveCfg = Release|Any CPU
		{B4E44C92-4874-430B-A050-2C6D10A30A7D}.Debug|Any CPU.ActiveCfg = Debug|Any CPU
		{B4E44C92-4874-430B-A050-2C6D10A30A7D}.Debug|Any CPU.Build.0 = Debug|Any CPU
		{B4E44C92-4874-430B-A050-2C6D10A30A7D}.Debug|ARM.ActiveCfg = Debug|Any CPU
		{B4E44C92-4874-430B-A050-2C6D10A30A7D}.Debug|x86.ActiveCfg = Debug|Any CPU
		{B4E44C92-4874-430B-A050-2C6D10A30A7D}.Release|Any CPU.ActiveCfg = Release|Any CPU
		{B4E44C92-4874-430B-A050-2C6D10A30A7D}.Release|Any CPU.Build.0 = Release|Any CPU
		{B4E44C92-4874-430B-A050-2C6D10A30A7D}.Release|ARM.ActiveCfg = Release|Any CPU
		{B4E44C92-4874-430B-A050-2C6D10A30A7D}.Release|x86.ActiveCfg = Release|Any CPU
		{D0447080-8D02-4958-835C-055CD642450C}.Debug|Any CPU.ActiveCfg = Debug|Any CPU
		{D0447080-8D02-4958-835C-055CD642450C}.Debug|Any CPU.Build.0 = Debug|Any CPU
		{D0447080-8D02-4958-835C-055CD642450C}.Debug|ARM.ActiveCfg = Debug|Any CPU
		{D0447080-8D02-4958-835C-055CD642450C}.Debug|x86.ActiveCfg = Debug|Any CPU
		{D0447080-8D02-4958-835C-055CD642450C}.Release|Any CPU.ActiveCfg = Release|Any CPU
		{D0447080-8D02-4958-835C-055CD642450C}.Release|Any CPU.Build.0 = Release|Any CPU
		{D0447080-8D02-4958-835C-055CD642450C}.Release|ARM.ActiveCfg = Release|Any CPU
		{D0447080-8D02-4958-835C-055CD642450C}.Release|x86.ActiveCfg = Release|Any CPU
		{2BEEB702-6196-4538-874B-F5819A5BB374}.Debug|Any CPU.ActiveCfg = Debug|Any CPU
		{2BEEB702-6196-4538-874B-F5819A5BB374}.Debug|Any CPU.Build.0 = Debug|Any CPU
		{2BEEB702-6196-4538-874B-F5819A5BB374}.Debug|ARM.ActiveCfg = Debug|Any CPU
		{2BEEB702-6196-4538-874B-F5819A5BB374}.Debug|x86.ActiveCfg = Debug|Any CPU
		{2BEEB702-6196-4538-874B-F5819A5BB374}.Release|Any CPU.ActiveCfg = Release|Any CPU
		{2BEEB702-6196-4538-874B-F5819A5BB374}.Release|Any CPU.Build.0 = Release|Any CPU
		{2BEEB702-6196-4538-874B-F5819A5BB374}.Release|ARM.ActiveCfg = Release|Any CPU
		{2BEEB702-6196-4538-874B-F5819A5BB374}.Release|x86.ActiveCfg = Release|Any CPU
		{D8166AD7-25DD-4953-84DD-347CB0321582}.Debug|Any CPU.ActiveCfg = Debug|Any CPU
		{D8166AD7-25DD-4953-84DD-347CB0321582}.Debug|Any CPU.Build.0 = Debug|Any CPU
		{D8166AD7-25DD-4953-84DD-347CB0321582}.Debug|ARM.ActiveCfg = Debug|Any CPU
		{D8166AD7-25DD-4953-84DD-347CB0321582}.Debug|x86.ActiveCfg = Debug|Any CPU
		{D8166AD7-25DD-4953-84DD-347CB0321582}.Release|Any CPU.ActiveCfg = Release|Any CPU
		{D8166AD7-25DD-4953-84DD-347CB0321582}.Release|Any CPU.Build.0 = Release|Any CPU
		{D8166AD7-25DD-4953-84DD-347CB0321582}.Release|ARM.ActiveCfg = Release|Any CPU
		{D8166AD7-25DD-4953-84DD-347CB0321582}.Release|x86.ActiveCfg = Release|Any CPU
		{536678C3-FAB3-43A9-8A68-ADAB972A6DF1}.Debug|Any CPU.ActiveCfg = Debug|Any CPU
		{536678C3-FAB3-43A9-8A68-ADAB972A6DF1}.Debug|Any CPU.Build.0 = Debug|Any CPU
		{536678C3-FAB3-43A9-8A68-ADAB972A6DF1}.Debug|ARM.ActiveCfg = Debug|Any CPU
		{536678C3-FAB3-43A9-8A68-ADAB972A6DF1}.Debug|x86.ActiveCfg = Debug|Any CPU
		{536678C3-FAB3-43A9-8A68-ADAB972A6DF1}.Release|Any CPU.ActiveCfg = Release|Any CPU
		{536678C3-FAB3-43A9-8A68-ADAB972A6DF1}.Release|Any CPU.Build.0 = Release|Any CPU
		{536678C3-FAB3-43A9-8A68-ADAB972A6DF1}.Release|ARM.ActiveCfg = Release|Any CPU
		{536678C3-FAB3-43A9-8A68-ADAB972A6DF1}.Release|x86.ActiveCfg = Release|Any CPU
		{37C1111A-9818-48EA-ADC4-6F53FF12102A}.Debug|Any CPU.ActiveCfg = Debug|Any CPU
		{37C1111A-9818-48EA-ADC4-6F53FF12102A}.Debug|Any CPU.Build.0 = Debug|Any CPU
		{37C1111A-9818-48EA-ADC4-6F53FF12102A}.Debug|ARM.ActiveCfg = Debug|Any CPU
		{37C1111A-9818-48EA-ADC4-6F53FF12102A}.Debug|x86.ActiveCfg = Debug|Any CPU
		{37C1111A-9818-48EA-ADC4-6F53FF12102A}.Release|Any CPU.ActiveCfg = Release|Any CPU
		{37C1111A-9818-48EA-ADC4-6F53FF12102A}.Release|Any CPU.Build.0 = Release|Any CPU
		{37C1111A-9818-48EA-ADC4-6F53FF12102A}.Release|ARM.ActiveCfg = Release|Any CPU
		{37C1111A-9818-48EA-ADC4-6F53FF12102A}.Release|x86.ActiveCfg = Release|Any CPU
		{911118F7-2BAB-411B-BAAA-7EB95FE4CA82}.Debug|Any CPU.ActiveCfg = Debug|Any CPU
		{911118F7-2BAB-411B-BAAA-7EB95FE4CA82}.Debug|Any CPU.Build.0 = Debug|Any CPU
		{911118F7-2BAB-411B-BAAA-7EB95FE4CA82}.Debug|Any CPU.Deploy.0 = Debug|Any CPU
		{911118F7-2BAB-411B-BAAA-7EB95FE4CA82}.Debug|ARM.ActiveCfg = Debug|Any CPU
		{911118F7-2BAB-411B-BAAA-7EB95FE4CA82}.Debug|x86.ActiveCfg = Debug|Any CPU
		{911118F7-2BAB-411B-BAAA-7EB95FE4CA82}.Release|Any CPU.ActiveCfg = Release|Any CPU
		{911118F7-2BAB-411B-BAAA-7EB95FE4CA82}.Release|Any CPU.Build.0 = Release|Any CPU
		{911118F7-2BAB-411B-BAAA-7EB95FE4CA82}.Release|Any CPU.Deploy.0 = Release|Any CPU
		{911118F7-2BAB-411B-BAAA-7EB95FE4CA82}.Release|ARM.ActiveCfg = Release|Any CPU
		{911118F7-2BAB-411B-BAAA-7EB95FE4CA82}.Release|x86.ActiveCfg = Release|Any CPU
		{67478D1D-C82D-4D93-B99B-6151CD366ED8}.Debug|Any CPU.ActiveCfg = Debug|Any CPU
		{67478D1D-C82D-4D93-B99B-6151CD366ED8}.Debug|Any CPU.Build.0 = Debug|Any CPU
		{67478D1D-C82D-4D93-B99B-6151CD366ED8}.Debug|Any CPU.Deploy.0 = Debug|Any CPU
		{67478D1D-C82D-4D93-B99B-6151CD366ED8}.Debug|ARM.ActiveCfg = Debug|Any CPU
		{67478D1D-C82D-4D93-B99B-6151CD366ED8}.Debug|x86.ActiveCfg = Debug|Any CPU
		{67478D1D-C82D-4D93-B99B-6151CD366ED8}.Release|Any CPU.ActiveCfg = Release|Any CPU
		{67478D1D-C82D-4D93-B99B-6151CD366ED8}.Release|Any CPU.Build.0 = Release|Any CPU
		{67478D1D-C82D-4D93-B99B-6151CD366ED8}.Release|Any CPU.Deploy.0 = Release|Any CPU
		{67478D1D-C82D-4D93-B99B-6151CD366ED8}.Release|ARM.ActiveCfg = Release|Any CPU
		{67478D1D-C82D-4D93-B99B-6151CD366ED8}.Release|x86.ActiveCfg = Release|Any CPU
		{CD229E63-EE6B-4B85-A7B2-23970AADCC74}.Debug|Any CPU.ActiveCfg = Debug|Any CPU
		{CD229E63-EE6B-4B85-A7B2-23970AADCC74}.Debug|Any CPU.Build.0 = Debug|Any CPU
		{CD229E63-EE6B-4B85-A7B2-23970AADCC74}.Debug|ARM.ActiveCfg = Debug|Any CPU
		{CD229E63-EE6B-4B85-A7B2-23970AADCC74}.Debug|x86.ActiveCfg = Debug|Any CPU
		{CD229E63-EE6B-4B85-A7B2-23970AADCC74}.Release|Any CPU.ActiveCfg = Release|Any CPU
		{CD229E63-EE6B-4B85-A7B2-23970AADCC74}.Release|Any CPU.Build.0 = Release|Any CPU
		{CD229E63-EE6B-4B85-A7B2-23970AADCC74}.Release|ARM.ActiveCfg = Release|Any CPU
		{CD229E63-EE6B-4B85-A7B2-23970AADCC74}.Release|x86.ActiveCfg = Release|Any CPU
		{7DA8AC35-04F9-4171-826A-A933BD61FE32}.Debug|Any CPU.ActiveCfg = Debug|Any CPU
		{7DA8AC35-04F9-4171-826A-A933BD61FE32}.Debug|Any CPU.Build.0 = Debug|Any CPU
		{7DA8AC35-04F9-4171-826A-A933BD61FE32}.Debug|ARM.ActiveCfg = Debug|Any CPU
		{7DA8AC35-04F9-4171-826A-A933BD61FE32}.Debug|x86.ActiveCfg = Debug|Any CPU
		{7DA8AC35-04F9-4171-826A-A933BD61FE32}.Release|Any CPU.ActiveCfg = Release|Any CPU
		{7DA8AC35-04F9-4171-826A-A933BD61FE32}.Release|Any CPU.Build.0 = Release|Any CPU
		{7DA8AC35-04F9-4171-826A-A933BD61FE32}.Release|ARM.ActiveCfg = Release|Any CPU
		{7DA8AC35-04F9-4171-826A-A933BD61FE32}.Release|x86.ActiveCfg = Release|Any CPU
		{265204F4-3666-4E15-A86E-42CC4475FCE5}.Debug|Any CPU.ActiveCfg = Debug|Any CPU
		{265204F4-3666-4E15-A86E-42CC4475FCE5}.Debug|Any CPU.Build.0 = Debug|Any CPU
		{265204F4-3666-4E15-A86E-42CC4475FCE5}.Debug|Any CPU.Deploy.0 = Debug|Any CPU
		{265204F4-3666-4E15-A86E-42CC4475FCE5}.Debug|ARM.ActiveCfg = Debug|Any CPU
		{265204F4-3666-4E15-A86E-42CC4475FCE5}.Debug|x86.ActiveCfg = Debug|Any CPU
		{265204F4-3666-4E15-A86E-42CC4475FCE5}.Release|Any CPU.ActiveCfg = Release|Any CPU
		{265204F4-3666-4E15-A86E-42CC4475FCE5}.Release|Any CPU.Build.0 = Release|Any CPU
		{265204F4-3666-4E15-A86E-42CC4475FCE5}.Release|Any CPU.Deploy.0 = Release|Any CPU
		{265204F4-3666-4E15-A86E-42CC4475FCE5}.Release|ARM.ActiveCfg = Release|Any CPU
		{265204F4-3666-4E15-A86E-42CC4475FCE5}.Release|x86.ActiveCfg = Release|Any CPU
		{361AEBEE-0C75-4989-BB4D-C8F08D6CDA9D}.Debug|Any CPU.ActiveCfg = Debug|Any CPU
		{361AEBEE-0C75-4989-BB4D-C8F08D6CDA9D}.Debug|Any CPU.Build.0 = Debug|Any CPU
		{361AEBEE-0C75-4989-BB4D-C8F08D6CDA9D}.Debug|ARM.ActiveCfg = Debug|Any CPU
		{361AEBEE-0C75-4989-BB4D-C8F08D6CDA9D}.Debug|x86.ActiveCfg = Debug|Any CPU
		{361AEBEE-0C75-4989-BB4D-C8F08D6CDA9D}.Release|Any CPU.ActiveCfg = Release|Any CPU
		{361AEBEE-0C75-4989-BB4D-C8F08D6CDA9D}.Release|Any CPU.Build.0 = Release|Any CPU
		{361AEBEE-0C75-4989-BB4D-C8F08D6CDA9D}.Release|ARM.ActiveCfg = Release|Any CPU
		{361AEBEE-0C75-4989-BB4D-C8F08D6CDA9D}.Release|x86.ActiveCfg = Release|Any CPU
		{6CC75A53-50EB-4235-942E-58141F8B2623}.Debug|Any CPU.ActiveCfg = Debug|Any CPU
		{6CC75A53-50EB-4235-942E-58141F8B2623}.Debug|Any CPU.Build.0 = Debug|Any CPU
		{6CC75A53-50EB-4235-942E-58141F8B2623}.Debug|ARM.ActiveCfg = Debug|Any CPU
		{6CC75A53-50EB-4235-942E-58141F8B2623}.Debug|x86.ActiveCfg = Debug|Any CPU
		{6CC75A53-50EB-4235-942E-58141F8B2623}.Release|Any CPU.ActiveCfg = Release|Any CPU
		{6CC75A53-50EB-4235-942E-58141F8B2623}.Release|Any CPU.Build.0 = Release|Any CPU
		{6CC75A53-50EB-4235-942E-58141F8B2623}.Release|ARM.ActiveCfg = Release|Any CPU
		{6CC75A53-50EB-4235-942E-58141F8B2623}.Release|x86.ActiveCfg = Release|Any CPU
	EndGlobalSection
	GlobalSection(SolutionProperties) = preSolution
		HideSolutionNode = FALSE
	EndGlobalSection
	GlobalSection(NestedProjects) = preSolution
		{75FF1407-1C79-4138-B6AD-3E8D69D2AD36} = {CCC29B55-7F75-4C14-BD17-C868AE208E64}
		{D0447080-8D02-4958-835C-055CD642450C} = {CCC29B55-7F75-4C14-BD17-C868AE208E64}
		{2BEEB702-6196-4538-874B-F5819A5BB374} = {CCC29B55-7F75-4C14-BD17-C868AE208E64}
		{D8166AD7-25DD-4953-84DD-347CB0321582} = {CCC29B55-7F75-4C14-BD17-C868AE208E64}
		{37C1111A-9818-48EA-ADC4-6F53FF12102A} = {CCC29B55-7F75-4C14-BD17-C868AE208E64}
	EndGlobalSection
EndGlobal
