
Microsoft Visual Studio Solution File, Format Version 12.00
# Visual Studio 2013
VisualStudioVersion = 12.0.21005.1
MinimumVisualStudioVersion = 10.0.40219.1
Project("{FAE04EC0-301F-11D3-BF4B-00C04F79EFBC}") = "Adibrata.Rule.Engine", "Adibrata.Rule.Engine\Adibrata.Rule.Engine.csproj", "{030BBC11-268A-4ABF-8E58-3C2461AAB791}"
EndProject
Project("{FAE04EC0-301F-11D3-BF4B-00C04F79EFBC}") = "Adibrata.Journal.Engine", "Adibrata.Journal.Engine\Adibrata.Journal.Engine.csproj", "{F7DBF23D-BC47-45B8-AE26-955908E5C9D7}"
EndProject
Project("{FAE04EC0-301F-11D3-BF4B-00C04F79EFBC}") = "Adibrata.Framework.Logging", "Adibrata.Framework.EventLog\Adibrata.Framework.Logging.csproj", "{7444D0B3-6F0E-47B5-A734-FACE7EE1732F}"
EndProject
Project("{FAE04EC0-301F-11D3-BF4B-00C04F79EFBC}") = "Adibrata.Framework.Messaging", "Adibrata.Framework.Messaging\Adibrata.Framework.Messaging.csproj", "{92FCF099-2046-4D09-8C2C-DA3940AC4552}"
EndProject
Project("{FAE04EC0-301F-11D3-BF4B-00C04F79EFBC}") = "Adibrata.Framework.ReportDocument", "Adibrata.Framework.ReportDocument\Adibrata.Framework.ReportDocument.csproj", "{C4382E62-8044-4292-AEE4-B44FE0B7EC7E}"
EndProject
Project("{FAE04EC0-301F-11D3-BF4B-00C04F79EFBC}") = "Adibrata.Framework.Security", "Adibrata.Framework.Security\Adibrata.Framework.Security.csproj", "{26F1E2D1-B0E5-405B-9D73-369DB760A730}"
EndProject
Project("{FAE04EC0-301F-11D3-BF4B-00C04F79EFBC}") = "Adibrata.Report.Template", "Adibrata.Report.Template\Adibrata.Report.Template.csproj", "{C6DFA240-C475-49E6-96BD-3A0D6961F134}"
EndProject
Project("{FAE04EC0-301F-11D3-BF4B-00C04F79EFBC}") = "Adibrata.FinanceLease.Windows", "Adibrata.FinanceLease.Windows\Adibrata.FinanceLease.Windows.csproj", "{CA9B27D4-15DC-43FE-A891-4BCDB8B2D709}"
EndProject
Project("{FAE04EC0-301F-11D3-BF4B-00C04F79EFBC}") = "Adibrata.Windows.UserControler", "Adibrata.Windows.UserControler\Adibrata.Windows.UserControler.csproj", "{B9A31278-1B27-40E7-9F42-570BEA054915}"
EndProject
Project("{FAE04EC0-301F-11D3-BF4B-00C04F79EFBC}") = "Adibrata.BusinessProcess.Paging.Core", "Adibrata.BusinessProcess.Paging.Core\Adibrata.BusinessProcess.Paging.Core.csproj", "{3FAA1E40-56FE-46C9-BEC5-7CAE5863AF3F}"
EndProject
Project("{FAE04EC0-301F-11D3-BF4B-00C04F79EFBC}") = "Adibrata.BusinessProcess.Paging.Entities", "Adibrata.BusinessProcess.Paging.Entities\Adibrata.BusinessProcess.Paging.Entities.csproj", "{A9D73B8B-A1E7-4F36-A145-6D3EFE17C3E8}"
EndProject
Project("{FAE04EC0-301F-11D3-BF4B-00C04F79EFBC}") = "Adibrata.BusinessProcess.Paging.Extend", "Adibrata.BusinessProcess.Paging.Extend\Adibrata.BusinessProcess.Paging.Extend.csproj", "{8C4E97BE-3D29-443E-B212-7B64DC2B7564}"
EndProject
Project("{FAE04EC0-301F-11D3-BF4B-00C04F79EFBC}") = "Adibrata.BusinessProcess.Report.Core", "Adibrata.BusinessProcess.Report.Core\Adibrata.BusinessProcess.Report.Core.csproj", "{2827D775-62C7-4E0C-8788-622B174C7583}"
EndProject
Project("{FAE04EC0-301F-11D3-BF4B-00C04F79EFBC}") = "Adibrata.BusinessProcess.Report.Entities", "Adibrata.BusinessProcess.Report.Entities\Adibrata.BusinessProcess.Report.Entities.csproj", "{76A2E188-A511-44BA-AB16-3818A43A2DAF}"
EndProject
Project("{FAE04EC0-301F-11D3-BF4B-00C04F79EFBC}") = "Adibrata.BusinessProcess.Report.Extend", "Adibrata.BusinessProcess.Report.Extend\Adibrata.BusinessProcess.Report.Extend.csproj", "{0F67E63A-234D-45CC-A656-82D1C741FB41}"
EndProject
Project("{FAE04EC0-301F-11D3-BF4B-00C04F79EFBC}") = "Adibrata.BusinessProcess.Views.Core", "Adibrata.BusinessProcess.View.Core\Adibrata.BusinessProcess.Views.Core.csproj", "{DA2973F7-B07D-4489-90CE-29A9E67266C3}"
EndProject
Project("{FAE04EC0-301F-11D3-BF4B-00C04F79EFBC}") = "Adibrata.BusinessProcess.Views.Entities", "Adibrata.BusinessProcess.View.Entities\Adibrata.BusinessProcess.Views.Entities.csproj", "{F4CA92E1-B570-4D5F-B320-9228ED30E8DD}"
EndProject
Project("{FAE04EC0-301F-11D3-BF4B-00C04F79EFBC}") = "Adibrata.BusinessProcess.Views.Extend", "Adibrata.BusinessProcess.View.Extend\Adibrata.BusinessProcess.Views.Extend.csproj", "{C1C37FE2-2DDF-4B10-813C-D0C81F8A5F4F}"
EndProject
Project("{FAE04EC0-301F-11D3-BF4B-00C04F79EFBC}") = "Adibrata.Controller", "Adibrata.Controller\Adibrata.Controller.csproj", "{3C1D4BBE-264F-405F-B212-72BFC2595D28}"
EndProject
Project("{2150E333-8FDC-42A3-9474-1A3956D46DE8}") = "Demo", "Demo", "{1E006B03-C6E6-42A0-AA29-849D0C1E1836}"
EndProject
Project("{FAE04EC0-301F-11D3-BF4B-00C04F79EFBC}") = "SharpBITS.Base", "SharpBITS.Base\SharpBITS.Base.csproj", "{B39FDB92-7420-487E-8B44-D9BC0B88D857}"
EndProject
Project("{FAE04EC0-301F-11D3-BF4B-00C04F79EFBC}") = "Adibrata.Demo.FileTransfer", "Demo\Adibrata.Demo.FileTransfer\Adibrata.Demo.FileTransfer.csproj", "{D7165174-F6E4-4969-A057-CDBA4B005CA7}"
	ProjectSection(ProjectDependencies) = postProject
		{F0ADCF8C-47F9-4E15-AB58-22564225EF87} = {F0ADCF8C-47F9-4E15-AB58-22564225EF87}
	EndProjectSection
EndProject
Project("{FAE04EC0-301F-11D3-BF4B-00C04F79EFBC}") = "Adibrata.Demo.Web.FileTransfer", "Demo\Adibrata.Demo.Web.FileTransfer\Adibrata.Demo.Web.FileTransfer.csproj", "{13C73F6F-784A-4767-B325-21E14508EF86}"
EndProject
Project("{FAE04EC0-301F-11D3-BF4B-00C04F79EFBC}") = "Adibrata.Demo.WCF.FileTransfer", "Demo\Adibrata.Demo.WCF.FileTransfer\Adibrata.Demo.WCF.FileTransfer.csproj", "{F0ADCF8C-47F9-4E15-AB58-22564225EF87}"
EndProject
Project("{2150E333-8FDC-42A3-9474-1A3956D46DE8}") = "VideoCall", "VideoCall", "{F72247A4-7D9B-4EBF-9C76-71656C3FA823}"
EndProject
Project("{FAE04EC0-301F-11D3-BF4B-00C04F79EFBC}") = "Video_Conference", "VideoCall\Peer_Video_Confere\Video_Conference Peer1\Video_Conference.csproj", "{8BE99BF0-4500-4F2A-8240-81CC192C47DA}"
EndProject
Project("{2150E333-8FDC-42A3-9474-1A3956D46DE8}") = "Theme", "Theme", "{CCC29B55-7F75-4C14-BD17-C868AE208E64}"
EndProject
Project("{FAE04EC0-301F-11D3-BF4B-00C04F79EFBC}") = "DataGridThemes", "Theme\Src\DataGridThemes.csproj", "{75FF1407-1C79-4138-B6AD-3E8D69D2AD36}"
EndProject
Project("{FAE04EC0-301F-11D3-BF4B-00C04F79EFBC}") = "Adibrata.BusinessProcess.UserManagement.Core", "Adibrata.BusinessProcess.UserManagement.Core\Adibrata.BusinessProcess.UserManagement.Core.csproj", "{72C9F1F3-82C5-4335-98EC-C6C5462F8B55}"
EndProject
Project("{FAE04EC0-301F-11D3-BF4B-00C04F79EFBC}") = "Adibrata.BusinessProcess.UserManagement.Extend", "Adibrata.BusinessProcess.UserManagement.Extend\Adibrata.BusinessProcess.UserManagement.Extend.csproj", "{D7E666C8-E6EE-4A52-AA01-7BC02AEC113C}"
EndProject
Project("{FAE04EC0-301F-11D3-BF4B-00C04F79EFBC}") = "Adibrata.BusinessProcess.UserManagement.Entities", "Adibrata.BusinessProcess.UserManagement.Entities\Adibrata.BusinessProcess.UserManagement.Entities.csproj", "{F5415834-8162-4B25-BA78-4E46B5E7714B}"
EndProject
Global
	GlobalSection(SolutionConfigurationPlatforms) = preSolution
		Debug|Any CPU = Debug|Any CPU
		Release|Any CPU = Release|Any CPU
	EndGlobalSection
	GlobalSection(ProjectConfigurationPlatforms) = postSolution
		{030BBC11-268A-4ABF-8E58-3C2461AAB791}.Debug|Any CPU.ActiveCfg = Debug|Any CPU
		{030BBC11-268A-4ABF-8E58-3C2461AAB791}.Debug|Any CPU.Build.0 = Debug|Any CPU
		{030BBC11-268A-4ABF-8E58-3C2461AAB791}.Release|Any CPU.ActiveCfg = Release|Any CPU
		{030BBC11-268A-4ABF-8E58-3C2461AAB791}.Release|Any CPU.Build.0 = Release|Any CPU
		{F7DBF23D-BC47-45B8-AE26-955908E5C9D7}.Debug|Any CPU.ActiveCfg = Debug|Any CPU
		{F7DBF23D-BC47-45B8-AE26-955908E5C9D7}.Debug|Any CPU.Build.0 = Debug|Any CPU
		{F7DBF23D-BC47-45B8-AE26-955908E5C9D7}.Release|Any CPU.ActiveCfg = Release|Any CPU
		{F7DBF23D-BC47-45B8-AE26-955908E5C9D7}.Release|Any CPU.Build.0 = Release|Any CPU
		{7444D0B3-6F0E-47B5-A734-FACE7EE1732F}.Debug|Any CPU.ActiveCfg = Debug|Any CPU
		{7444D0B3-6F0E-47B5-A734-FACE7EE1732F}.Debug|Any CPU.Build.0 = Debug|Any CPU
		{7444D0B3-6F0E-47B5-A734-FACE7EE1732F}.Release|Any CPU.ActiveCfg = Release|Any CPU
		{7444D0B3-6F0E-47B5-A734-FACE7EE1732F}.Release|Any CPU.Build.0 = Release|Any CPU
		{92FCF099-2046-4D09-8C2C-DA3940AC4552}.Debug|Any CPU.ActiveCfg = Debug|Any CPU
		{92FCF099-2046-4D09-8C2C-DA3940AC4552}.Debug|Any CPU.Build.0 = Debug|Any CPU
		{92FCF099-2046-4D09-8C2C-DA3940AC4552}.Release|Any CPU.ActiveCfg = Release|Any CPU
		{92FCF099-2046-4D09-8C2C-DA3940AC4552}.Release|Any CPU.Build.0 = Release|Any CPU
		{C4382E62-8044-4292-AEE4-B44FE0B7EC7E}.Debug|Any CPU.ActiveCfg = Debug|Any CPU
		{C4382E62-8044-4292-AEE4-B44FE0B7EC7E}.Debug|Any CPU.Build.0 = Debug|Any CPU
		{C4382E62-8044-4292-AEE4-B44FE0B7EC7E}.Release|Any CPU.ActiveCfg = Release|Any CPU
		{C4382E62-8044-4292-AEE4-B44FE0B7EC7E}.Release|Any CPU.Build.0 = Release|Any CPU
		{26F1E2D1-B0E5-405B-9D73-369DB760A730}.Debug|Any CPU.ActiveCfg = Debug|Any CPU
		{26F1E2D1-B0E5-405B-9D73-369DB760A730}.Debug|Any CPU.Build.0 = Debug|Any CPU
		{26F1E2D1-B0E5-405B-9D73-369DB760A730}.Release|Any CPU.ActiveCfg = Release|Any CPU
		{26F1E2D1-B0E5-405B-9D73-369DB760A730}.Release|Any CPU.Build.0 = Release|Any CPU
		{C6DFA240-C475-49E6-96BD-3A0D6961F134}.Debug|Any CPU.ActiveCfg = Debug|Any CPU
		{C6DFA240-C475-49E6-96BD-3A0D6961F134}.Debug|Any CPU.Build.0 = Debug|Any CPU
		{C6DFA240-C475-49E6-96BD-3A0D6961F134}.Release|Any CPU.ActiveCfg = Release|Any CPU
		{C6DFA240-C475-49E6-96BD-3A0D6961F134}.Release|Any CPU.Build.0 = Release|Any CPU
		{CA9B27D4-15DC-43FE-A891-4BCDB8B2D709}.Debug|Any CPU.ActiveCfg = Debug|Any CPU
		{CA9B27D4-15DC-43FE-A891-4BCDB8B2D709}.Debug|Any CPU.Build.0 = Debug|Any CPU
		{CA9B27D4-15DC-43FE-A891-4BCDB8B2D709}.Release|Any CPU.ActiveCfg = Release|Any CPU
		{CA9B27D4-15DC-43FE-A891-4BCDB8B2D709}.Release|Any CPU.Build.0 = Release|Any CPU
		{B9A31278-1B27-40E7-9F42-570BEA054915}.Debug|Any CPU.ActiveCfg = Debug|Any CPU
		{B9A31278-1B27-40E7-9F42-570BEA054915}.Debug|Any CPU.Build.0 = Debug|Any CPU
		{B9A31278-1B27-40E7-9F42-570BEA054915}.Release|Any CPU.ActiveCfg = Release|Any CPU
		{B9A31278-1B27-40E7-9F42-570BEA054915}.Release|Any CPU.Build.0 = Release|Any CPU
		{3FAA1E40-56FE-46C9-BEC5-7CAE5863AF3F}.Debug|Any CPU.ActiveCfg = Debug|Any CPU
		{3FAA1E40-56FE-46C9-BEC5-7CAE5863AF3F}.Debug|Any CPU.Build.0 = Debug|Any CPU
		{3FAA1E40-56FE-46C9-BEC5-7CAE5863AF3F}.Release|Any CPU.ActiveCfg = Release|Any CPU
		{3FAA1E40-56FE-46C9-BEC5-7CAE5863AF3F}.Release|Any CPU.Build.0 = Release|Any CPU
		{A9D73B8B-A1E7-4F36-A145-6D3EFE17C3E8}.Debug|Any CPU.ActiveCfg = Debug|Any CPU
		{A9D73B8B-A1E7-4F36-A145-6D3EFE17C3E8}.Debug|Any CPU.Build.0 = Debug|Any CPU
		{A9D73B8B-A1E7-4F36-A145-6D3EFE17C3E8}.Release|Any CPU.ActiveCfg = Release|Any CPU
		{A9D73B8B-A1E7-4F36-A145-6D3EFE17C3E8}.Release|Any CPU.Build.0 = Release|Any CPU
		{8C4E97BE-3D29-443E-B212-7B64DC2B7564}.Debug|Any CPU.ActiveCfg = Debug|Any CPU
		{8C4E97BE-3D29-443E-B212-7B64DC2B7564}.Debug|Any CPU.Build.0 = Debug|Any CPU
		{8C4E97BE-3D29-443E-B212-7B64DC2B7564}.Release|Any CPU.ActiveCfg = Release|Any CPU
		{8C4E97BE-3D29-443E-B212-7B64DC2B7564}.Release|Any CPU.Build.0 = Release|Any CPU
		{2827D775-62C7-4E0C-8788-622B174C7583}.Debug|Any CPU.ActiveCfg = Debug|Any CPU
		{2827D775-62C7-4E0C-8788-622B174C7583}.Debug|Any CPU.Build.0 = Debug|Any CPU
		{2827D775-62C7-4E0C-8788-622B174C7583}.Release|Any CPU.ActiveCfg = Release|Any CPU
		{2827D775-62C7-4E0C-8788-622B174C7583}.Release|Any CPU.Build.0 = Release|Any CPU
		{76A2E188-A511-44BA-AB16-3818A43A2DAF}.Debug|Any CPU.ActiveCfg = Debug|Any CPU
		{76A2E188-A511-44BA-AB16-3818A43A2DAF}.Debug|Any CPU.Build.0 = Debug|Any CPU
		{76A2E188-A511-44BA-AB16-3818A43A2DAF}.Release|Any CPU.ActiveCfg = Release|Any CPU
		{76A2E188-A511-44BA-AB16-3818A43A2DAF}.Release|Any CPU.Build.0 = Release|Any CPU
		{0F67E63A-234D-45CC-A656-82D1C741FB41}.Debug|Any CPU.ActiveCfg = Debug|Any CPU
		{0F67E63A-234D-45CC-A656-82D1C741FB41}.Debug|Any CPU.Build.0 = Debug|Any CPU
		{0F67E63A-234D-45CC-A656-82D1C741FB41}.Release|Any CPU.ActiveCfg = Release|Any CPU
		{0F67E63A-234D-45CC-A656-82D1C741FB41}.Release|Any CPU.Build.0 = Release|Any CPU
		{DA2973F7-B07D-4489-90CE-29A9E67266C3}.Debug|Any CPU.ActiveCfg = Debug|Any CPU
		{DA2973F7-B07D-4489-90CE-29A9E67266C3}.Debug|Any CPU.Build.0 = Debug|Any CPU
		{DA2973F7-B07D-4489-90CE-29A9E67266C3}.Release|Any CPU.ActiveCfg = Release|Any CPU
		{DA2973F7-B07D-4489-90CE-29A9E67266C3}.Release|Any CPU.Build.0 = Release|Any CPU
		{F4CA92E1-B570-4D5F-B320-9228ED30E8DD}.Debug|Any CPU.ActiveCfg = Debug|Any CPU
		{F4CA92E1-B570-4D5F-B320-9228ED30E8DD}.Debug|Any CPU.Build.0 = Debug|Any CPU
		{F4CA92E1-B570-4D5F-B320-9228ED30E8DD}.Release|Any CPU.ActiveCfg = Release|Any CPU
		{F4CA92E1-B570-4D5F-B320-9228ED30E8DD}.Release|Any CPU.Build.0 = Release|Any CPU
		{C1C37FE2-2DDF-4B10-813C-D0C81F8A5F4F}.Debug|Any CPU.ActiveCfg = Debug|Any CPU
		{C1C37FE2-2DDF-4B10-813C-D0C81F8A5F4F}.Debug|Any CPU.Build.0 = Debug|Any CPU
		{C1C37FE2-2DDF-4B10-813C-D0C81F8A5F4F}.Release|Any CPU.ActiveCfg = Release|Any CPU
		{C1C37FE2-2DDF-4B10-813C-D0C81F8A5F4F}.Release|Any CPU.Build.0 = Release|Any CPU
		{3C1D4BBE-264F-405F-B212-72BFC2595D28}.Debug|Any CPU.ActiveCfg = Debug|Any CPU
		{3C1D4BBE-264F-405F-B212-72BFC2595D28}.Debug|Any CPU.Build.0 = Debug|Any CPU
		{3C1D4BBE-264F-405F-B212-72BFC2595D28}.Release|Any CPU.ActiveCfg = Release|Any CPU
		{3C1D4BBE-264F-405F-B212-72BFC2595D28}.Release|Any CPU.Build.0 = Release|Any CPU
		{B39FDB92-7420-487E-8B44-D9BC0B88D857}.Debug|Any CPU.ActiveCfg = Debug|Any CPU
		{B39FDB92-7420-487E-8B44-D9BC0B88D857}.Debug|Any CPU.Build.0 = Debug|Any CPU
		{B39FDB92-7420-487E-8B44-D9BC0B88D857}.Release|Any CPU.ActiveCfg = Release|Any CPU
		{B39FDB92-7420-487E-8B44-D9BC0B88D857}.Release|Any CPU.Build.0 = Release|Any CPU
		{D7165174-F6E4-4969-A057-CDBA4B005CA7}.Debug|Any CPU.ActiveCfg = Debug|Any CPU
		{D7165174-F6E4-4969-A057-CDBA4B005CA7}.Debug|Any CPU.Build.0 = Debug|Any CPU
		{D7165174-F6E4-4969-A057-CDBA4B005CA7}.Release|Any CPU.ActiveCfg = Release|Any CPU
		{D7165174-F6E4-4969-A057-CDBA4B005CA7}.Release|Any CPU.Build.0 = Release|Any CPU
		{13C73F6F-784A-4767-B325-21E14508EF86}.Debug|Any CPU.ActiveCfg = Debug|Any CPU
		{13C73F6F-784A-4767-B325-21E14508EF86}.Debug|Any CPU.Build.0 = Debug|Any CPU
		{13C73F6F-784A-4767-B325-21E14508EF86}.Release|Any CPU.ActiveCfg = Release|Any CPU
		{13C73F6F-784A-4767-B325-21E14508EF86}.Release|Any CPU.Build.0 = Release|Any CPU
		{F0ADCF8C-47F9-4E15-AB58-22564225EF87}.Debug|Any CPU.ActiveCfg = Debug|Any CPU
		{F0ADCF8C-47F9-4E15-AB58-22564225EF87}.Debug|Any CPU.Build.0 = Debug|Any CPU
		{F0ADCF8C-47F9-4E15-AB58-22564225EF87}.Release|Any CPU.ActiveCfg = Release|Any CPU
		{F0ADCF8C-47F9-4E15-AB58-22564225EF87}.Release|Any CPU.Build.0 = Release|Any CPU
		{8BE99BF0-4500-4F2A-8240-81CC192C47DA}.Debug|Any CPU.ActiveCfg = Debug|Any CPU
		{8BE99BF0-4500-4F2A-8240-81CC192C47DA}.Debug|Any CPU.Build.0 = Debug|Any CPU
		{8BE99BF0-4500-4F2A-8240-81CC192C47DA}.Release|Any CPU.ActiveCfg = Release|Any CPU
		{8BE99BF0-4500-4F2A-8240-81CC192C47DA}.Release|Any CPU.Build.0 = Release|Any CPU
		{75FF1407-1C79-4138-B6AD-3E8D69D2AD36}.Debug|Any CPU.ActiveCfg = Debug|Any CPU
		{75FF1407-1C79-4138-B6AD-3E8D69D2AD36}.Debug|Any CPU.Build.0 = Debug|Any CPU
		{75FF1407-1C79-4138-B6AD-3E8D69D2AD36}.Release|Any CPU.ActiveCfg = Release|Any CPU
		{75FF1407-1C79-4138-B6AD-3E8D69D2AD36}.Release|Any CPU.Build.0 = Release|Any CPU
		{72C9F1F3-82C5-4335-98EC-C6C5462F8B55}.Debug|Any CPU.ActiveCfg = Debug|Any CPU
		{72C9F1F3-82C5-4335-98EC-C6C5462F8B55}.Debug|Any CPU.Build.0 = Debug|Any CPU
		{72C9F1F3-82C5-4335-98EC-C6C5462F8B55}.Release|Any CPU.ActiveCfg = Release|Any CPU
		{72C9F1F3-82C5-4335-98EC-C6C5462F8B55}.Release|Any CPU.Build.0 = Release|Any CPU
		{D7E666C8-E6EE-4A52-AA01-7BC02AEC113C}.Debug|Any CPU.ActiveCfg = Debug|Any CPU
		{D7E666C8-E6EE-4A52-AA01-7BC02AEC113C}.Debug|Any CPU.Build.0 = Debug|Any CPU
		{D7E666C8-E6EE-4A52-AA01-7BC02AEC113C}.Release|Any CPU.ActiveCfg = Release|Any CPU
		{D7E666C8-E6EE-4A52-AA01-7BC02AEC113C}.Release|Any CPU.Build.0 = Release|Any CPU
		{F5415834-8162-4B25-BA78-4E46B5E7714B}.Debug|Any CPU.ActiveCfg = Debug|Any CPU
		{F5415834-8162-4B25-BA78-4E46B5E7714B}.Debug|Any CPU.Build.0 = Debug|Any CPU
		{F5415834-8162-4B25-BA78-4E46B5E7714B}.Release|Any CPU.ActiveCfg = Release|Any CPU
		{F5415834-8162-4B25-BA78-4E46B5E7714B}.Release|Any CPU.Build.0 = Release|Any CPU
	EndGlobalSection
	GlobalSection(SolutionProperties) = preSolution
		HideSolutionNode = FALSE
	EndGlobalSection
	GlobalSection(NestedProjects) = preSolution
		{D7165174-F6E4-4969-A057-CDBA4B005CA7} = {1E006B03-C6E6-42A0-AA29-849D0C1E1836}
		{13C73F6F-784A-4767-B325-21E14508EF86} = {1E006B03-C6E6-42A0-AA29-849D0C1E1836}
		{F0ADCF8C-47F9-4E15-AB58-22564225EF87} = {1E006B03-C6E6-42A0-AA29-849D0C1E1836}
		{F72247A4-7D9B-4EBF-9C76-71656C3FA823} = {1E006B03-C6E6-42A0-AA29-849D0C1E1836}
		{8BE99BF0-4500-4F2A-8240-81CC192C47DA} = {F72247A4-7D9B-4EBF-9C76-71656C3FA823}
		{75FF1407-1C79-4138-B6AD-3E8D69D2AD36} = {CCC29B55-7F75-4C14-BD17-C868AE208E64}
	EndGlobalSection
EndGlobal
